// !$*UTF8*$!
{
	archiveVersion = 1;
	classes = {
	};
	objectVersion = 52;
	objects = {

/* Begin PBXBuildFile section */
		4A913E38275968980072683F /* UserStorage.swift in Sources */ = {isa = PBXBuildFile; fileRef = 4A913E37275968980072683F /* UserStorage.swift */; };
		4A93C82F26CFF3440025C300 /* GoogleService-Info.plist in Resources */ = {isa = PBXBuildFile; fileRef = 4A93C82E26CFF3440025C300 /* GoogleService-Info.plist */; };
		4A93C83526CFF4420025C300 /* FirebaseFunctions in Frameworks */ = {isa = PBXBuildFile; productRef = 4A93C83426CFF4420025C300 /* FirebaseFunctions */; };
		4A93C83726CFF4420025C300 /* FirebaseAnalytics in Frameworks */ = {isa = PBXBuildFile; productRef = 4A93C83626CFF4420025C300 /* FirebaseAnalytics */; };
		4A93C83926CFF4420025C300 /* FirebaseRemoteConfig in Frameworks */ = {isa = PBXBuildFile; productRef = 4A93C83826CFF4420025C300 /* FirebaseRemoteConfig */; };
		4A93C83B26CFF4420025C300 /* FirebaseStorage in Frameworks */ = {isa = PBXBuildFile; productRef = 4A93C83A26CFF4420025C300 /* FirebaseStorage */; };
		4A93C83D26CFF4420025C300 /* FirebaseAuth in Frameworks */ = {isa = PBXBuildFile; productRef = 4A93C83C26CFF4420025C300 /* FirebaseAuth */; };
		4A93C83F26CFF4420025C300 /* FirebaseFirestore in Frameworks */ = {isa = PBXBuildFile; productRef = 4A93C83E26CFF4420025C300 /* FirebaseFirestore */; };
		4A93C84526D28A210025C300 /* ColorPalette.swift in Sources */ = {isa = PBXBuildFile; fileRef = 4A93C84426D28A200025C300 /* ColorPalette.swift */; };
		4A9F30DD26CFB97C004AC175 /* MyLifeRPGApp.swift in Sources */ = {isa = PBXBuildFile; fileRef = 4A9F30DC26CFB97C004AC175 /* MyLifeRPGApp.swift */; };
		4A9F30DF26CFB97C004AC175 /* ContentView.swift in Sources */ = {isa = PBXBuildFile; fileRef = 4A9F30DE26CFB97C004AC175 /* ContentView.swift */; };
		4A9F30E126CFB980004AC175 /* Assets.xcassets in Resources */ = {isa = PBXBuildFile; fileRef = 4A9F30E026CFB980004AC175 /* Assets.xcassets */; };
		4A9F30E426CFB980004AC175 /* Preview Assets.xcassets in Resources */ = {isa = PBXBuildFile; fileRef = 4A9F30E326CFB980004AC175 /* Preview Assets.xcassets */; };
		4A9F30EF26CFB980004AC175 /* MyLifeRPGTests.swift in Sources */ = {isa = PBXBuildFile; fileRef = 4A9F30EE26CFB980004AC175 /* MyLifeRPGTests.swift */; };
		4A9F30FA26CFB980004AC175 /* MyLifeRPGUITests.swift in Sources */ = {isa = PBXBuildFile; fileRef = 4A9F30F926CFB980004AC175 /* MyLifeRPGUITests.swift */; };
		4A9F310C26CFBDDC004AC175 /* QuestBuilder.swift in Sources */ = {isa = PBXBuildFile; fileRef = 4A9F310B26CFBDDC004AC175 /* QuestBuilder.swift */; };
		4A9F311426CFBF35004AC175 /* QuestCategory.swift in Sources */ = {isa = PBXBuildFile; fileRef = 4A9F311326CFBF35004AC175 /* QuestCategory.swift */; };
		4A9F313C26CFE9CD004AC175 /* Player.swift in Sources */ = {isa = PBXBuildFile; fileRef = 4A9F313B26CFE9CD004AC175 /* Player.swift */; };
		4AC5897A26D2BD640091C0BF /* Logger.swift in Sources */ = {isa = PBXBuildFile; fileRef = 4AC5897926D2BD640091C0BF /* Logger.swift */; };
		4AC5898926D2CA3C0091C0BF /* Localizable.strings in Resources */ = {isa = PBXBuildFile; fileRef = 4AC5898B26D2CA3C0091C0BF /* Localizable.strings */; };
		4AC589A526D2CB670091C0BF /* I18n.swift in Sources */ = {isa = PBXBuildFile; fileRef = 4AC589A426D2CB670091C0BF /* I18n.swift */; };
		4AEA0ECE26D38AC500E6FD1E /* Build.swift in Sources */ = {isa = PBXBuildFile; fileRef = 4AEA0ECD26D38AC500E6FD1E /* Build.swift */; };
		4AEA0F0326D3A3D400E6FD1E /* File.swift in Sources */ = {isa = PBXBuildFile; fileRef = 4AEA0F0226D3A3D400E6FD1E /* File.swift */; };
		4AEA0F1926D3C65000E6FD1E /* file in Resources */ = {isa = PBXBuildFile; fileRef = 4AEA0F1826D3C65000E6FD1E /* file */; };
/* End PBXBuildFile section */

/* Begin PBXContainerItemProxy section */
		4A9F30EB26CFB980004AC175 /* PBXContainerItemProxy */ = {
			isa = PBXContainerItemProxy;
			containerPortal = 4A9F30D126CFB97B004AC175 /* Project object */;
			proxyType = 1;
			remoteGlobalIDString = 4A9F30D826CFB97B004AC175;
			remoteInfo = MyLifeRPG;
		};
		4A9F30F626CFB980004AC175 /* PBXContainerItemProxy */ = {
			isa = PBXContainerItemProxy;
			containerPortal = 4A9F30D126CFB97B004AC175 /* Project object */;
			proxyType = 1;
			remoteGlobalIDString = 4A9F30D826CFB97B004AC175;
			remoteInfo = MyLifeRPG;
		};
/* End PBXContainerItemProxy section */

/* Begin PBXFileReference section */
		4A913E37275968980072683F /* UserStorage.swift */ = {isa = PBXFileReference; lastKnownFileType = sourcecode.swift; path = UserStorage.swift; sourceTree = "<group>"; };
		4A93C82E26CFF3440025C300 /* GoogleService-Info.plist */ = {isa = PBXFileReference; fileEncoding = 4; lastKnownFileType = text.plist.xml; name = "GoogleService-Info.plist"; path = "../../../../Downloads/GoogleService-Info.plist"; sourceTree = "<group>"; };
		4A93C84426D28A200025C300 /* ColorPalette.swift */ = {isa = PBXFileReference; lastKnownFileType = sourcecode.swift; path = ColorPalette.swift; sourceTree = "<group>"; };
		4A9F30D926CFB97C004AC175 /* MyLifeRPG.app */ = {isa = PBXFileReference; explicitFileType = wrapper.application; includeInIndex = 0; path = MyLifeRPG.app; sourceTree = BUILT_PRODUCTS_DIR; };
		4A9F30DC26CFB97C004AC175 /* MyLifeRPGApp.swift */ = {isa = PBXFileReference; lastKnownFileType = sourcecode.swift; path = MyLifeRPGApp.swift; sourceTree = "<group>"; };
		4A9F30DE26CFB97C004AC175 /* ContentView.swift */ = {isa = PBXFileReference; lastKnownFileType = sourcecode.swift; path = ContentView.swift; sourceTree = "<group>"; };
		4A9F30E026CFB980004AC175 /* Assets.xcassets */ = {isa = PBXFileReference; lastKnownFileType = folder.assetcatalog; path = Assets.xcassets; sourceTree = "<group>"; };
		4A9F30E326CFB980004AC175 /* Preview Assets.xcassets */ = {isa = PBXFileReference; lastKnownFileType = folder.assetcatalog; path = "Preview Assets.xcassets"; sourceTree = "<group>"; };
		4A9F30E526CFB980004AC175 /* Info.plist */ = {isa = PBXFileReference; lastKnownFileType = text.plist.xml; path = Info.plist; sourceTree = "<group>"; };
		4A9F30EA26CFB980004AC175 /* MyLifeRPGTests.xctest */ = {isa = PBXFileReference; explicitFileType = wrapper.cfbundle; includeInIndex = 0; path = MyLifeRPGTests.xctest; sourceTree = BUILT_PRODUCTS_DIR; };
		4A9F30EE26CFB980004AC175 /* MyLifeRPGTests.swift */ = {isa = PBXFileReference; lastKnownFileType = sourcecode.swift; path = MyLifeRPGTests.swift; sourceTree = "<group>"; };
		4A9F30F026CFB980004AC175 /* Info.plist */ = {isa = PBXFileReference; lastKnownFileType = text.plist.xml; path = Info.plist; sourceTree = "<group>"; };
		4A9F30F526CFB980004AC175 /* MyLifeRPGUITests.xctest */ = {isa = PBXFileReference; explicitFileType = wrapper.cfbundle; includeInIndex = 0; path = MyLifeRPGUITests.xctest; sourceTree = BUILT_PRODUCTS_DIR; };
		4A9F30F926CFB980004AC175 /* MyLifeRPGUITests.swift */ = {isa = PBXFileReference; lastKnownFileType = sourcecode.swift; path = MyLifeRPGUITests.swift; sourceTree = "<group>"; };
		4A9F30FB26CFB980004AC175 /* Info.plist */ = {isa = PBXFileReference; lastKnownFileType = text.plist.xml; path = Info.plist; sourceTree = "<group>"; };
		4A9F310B26CFBDDC004AC175 /* QuestBuilder.swift */ = {isa = PBXFileReference; lastKnownFileType = sourcecode.swift; path = QuestBuilder.swift; sourceTree = "<group>"; };
		4A9F311326CFBF35004AC175 /* QuestCategory.swift */ = {isa = PBXFileReference; lastKnownFileType = sourcecode.swift; path = QuestCategory.swift; sourceTree = "<group>"; };
		4A9F313B26CFE9CD004AC175 /* Player.swift */ = {isa = PBXFileReference; lastKnownFileType = sourcecode.swift; path = Player.swift; sourceTree = "<group>"; };
		4AC5897926D2BD640091C0BF /* Logger.swift */ = {isa = PBXFileReference; lastKnownFileType = sourcecode.swift; path = Logger.swift; sourceTree = "<group>"; };
		4AC5898A26D2CA3C0091C0BF /* en */ = {isa = PBXFileReference; lastKnownFileType = text.plist.strings; name = en; path = en.lproj/Localizable.strings; sourceTree = "<group>"; };
		4AC589A026D2CB2C0091C0BF /* fr */ = {isa = PBXFileReference; lastKnownFileType = text.plist.strings; name = fr; path = fr.lproj/Localizable.strings; sourceTree = "<group>"; };
		4AC589A426D2CB670091C0BF /* I18n.swift */ = {isa = PBXFileReference; lastKnownFileType = sourcecode.swift; path = I18n.swift; sourceTree = "<group>"; };
		4AEA0ECD26D38AC500E6FD1E /* Build.swift */ = {isa = PBXFileReference; lastKnownFileType = sourcecode.swift; path = Build.swift; sourceTree = "<group>"; };
		4AEA0F0226D3A3D400E6FD1E /* File.swift */ = {isa = PBXFileReference; lastKnownFileType = sourcecode.swift; path = File.swift; sourceTree = "<group>"; };
		4AEA0F1826D3C65000E6FD1E /* file */ = {isa = PBXFileReference; lastKnownFileType = text; path = file; sourceTree = "<group>"; };
/* End PBXFileReference section */

/* Begin PBXFrameworksBuildPhase section */
		4A9F30D626CFB97B004AC175 /* Frameworks */ = {
			isa = PBXFrameworksBuildPhase;
			buildActionMask = 2147483647;
			files = (
				4A93C83926CFF4420025C300 /* FirebaseRemoteConfig in Frameworks */,
				4A93C83D26CFF4420025C300 /* FirebaseAuth in Frameworks */,
				4A93C83B26CFF4420025C300 /* FirebaseStorage in Frameworks */,
				4A93C83726CFF4420025C300 /* FirebaseAnalytics in Frameworks */,
				4A93C83526CFF4420025C300 /* FirebaseFunctions in Frameworks */,
				4A93C83F26CFF4420025C300 /* FirebaseFirestore in Frameworks */,
			);
			runOnlyForDeploymentPostprocessing = 0;
		};
		4A9F30E726CFB980004AC175 /* Frameworks */ = {
			isa = PBXFrameworksBuildPhase;
			buildActionMask = 2147483647;
			files = (
			);
			runOnlyForDeploymentPostprocessing = 0;
		};
		4A9F30F226CFB980004AC175 /* Frameworks */ = {
			isa = PBXFrameworksBuildPhase;
			buildActionMask = 2147483647;
			files = (
			);
			runOnlyForDeploymentPostprocessing = 0;
		};
/* End PBXFrameworksBuildPhase section */

/* Begin PBXGroup section */
		4A93C84326D28A0F0025C300 /* Theme */ = {
			isa = PBXGroup;
			children = (
				4A93C84426D28A200025C300 /* ColorPalette.swift */,
			);
			path = Theme;
			sourceTree = "<group>";
		};
		4A9F30D026CFB97B004AC175 = {
			isa = PBXGroup;
			children = (
				4AEA0F1826D3C65000E6FD1E /* file */,
				4AEA0ECD26D38AC500E6FD1E /* Build.swift */,
				4AEA0F0126D3A3B700E6FD1E /* test */,
				4AC5898B26D2CA3C0091C0BF /* Localizable.strings */,
				4AC5897826D2BD3C0091C0BF /* StdLib */,
				4A9F30DB26CFB97C004AC175 /* MyLifeRPG */,
				4A9F30ED26CFB980004AC175 /* MyLifeRPGTests */,
				4A9F30F826CFB980004AC175 /* MyLifeRPGUITests */,
				4A9F30DA26CFB97C004AC175 /* Products */,
			);
			sourceTree = "<group>";
		};
		4A9F30DA26CFB97C004AC175 /* Products */ = {
			isa = PBXGroup;
			children = (
				4A9F30D926CFB97C004AC175 /* MyLifeRPG.app */,
				4A9F30EA26CFB980004AC175 /* MyLifeRPGTests.xctest */,
				4A9F30F526CFB980004AC175 /* MyLifeRPGUITests.xctest */,
			);
			name = Products;
			sourceTree = "<group>";
		};
		4A9F30DB26CFB97C004AC175 /* MyLifeRPG */ = {
			isa = PBXGroup;
			children = (
				4A93C84326D28A0F0025C300 /* Theme */,
				4A93C82E26CFF3440025C300 /* GoogleService-Info.plist */,
				4A9F313A26CFE9A8004AC175 /* Model */,
				4A9F310A26CFBD9D004AC175 /* Quest */,
				4A9F30DC26CFB97C004AC175 /* MyLifeRPGApp.swift */,
				4A9F30DE26CFB97C004AC175 /* ContentView.swift */,
				4A9F30E026CFB980004AC175 /* Assets.xcassets */,
				4A9F30E526CFB980004AC175 /* Info.plist */,
				4A9F30E226CFB980004AC175 /* Preview Content */,
			);
			path = MyLifeRPG;
			sourceTree = "<group>";
		};
		4A9F30E226CFB980004AC175 /* Preview Content */ = {
			isa = PBXGroup;
			children = (
				4A9F30E326CFB980004AC175 /* Preview Assets.xcassets */,
			);
			path = "Preview Content";
			sourceTree = "<group>";
		};
		4A9F30ED26CFB980004AC175 /* MyLifeRPGTests */ = {
			isa = PBXGroup;
			children = (
				4A9F30EE26CFB980004AC175 /* MyLifeRPGTests.swift */,
				4A9F30F026CFB980004AC175 /* Info.plist */,
			);
			path = MyLifeRPGTests;
			sourceTree = "<group>";
		};
		4A9F30F826CFB980004AC175 /* MyLifeRPGUITests */ = {
			isa = PBXGroup;
			children = (
				4A9F30F926CFB980004AC175 /* MyLifeRPGUITests.swift */,
				4A9F30FB26CFB980004AC175 /* Info.plist */,
			);
			path = MyLifeRPGUITests;
			sourceTree = "<group>";
		};
		4A9F310A26CFBD9D004AC175 /* Quest */ = {
			isa = PBXGroup;
			children = (
				4A9F310B26CFBDDC004AC175 /* QuestBuilder.swift */,
				4A9F311326CFBF35004AC175 /* QuestCategory.swift */,
			);
			path = Quest;
			sourceTree = "<group>";
		};
		4A9F313A26CFE9A8004AC175 /* Model */ = {
			isa = PBXGroup;
			children = (
				4A9F313B26CFE9CD004AC175 /* Player.swift */,
				4AC589A426D2CB670091C0BF /* I18n.swift */,
				4A913E37275968980072683F /* UserStorage.swift */,
			);
			path = Model;
			sourceTree = "<group>";
		};
		4AC5897826D2BD3C0091C0BF /* StdLib */ = {
			isa = PBXGroup;
			children = (
				4AC5897926D2BD640091C0BF /* Logger.swift */,
			);
			path = StdLib;
			sourceTree = "<group>";
		};
		4AEA0F0126D3A3B700E6FD1E /* test */ = {
			isa = PBXGroup;
			children = (
				4AEA0F0226D3A3D400E6FD1E /* File.swift */,
			);
			path = test;
			sourceTree = "<group>";
		};
/* End PBXGroup section */

/* Begin PBXNativeTarget section */
		4A9F30D826CFB97B004AC175 /* MyLifeRPG */ = {
			isa = PBXNativeTarget;
			buildConfigurationList = 4A9F30FE26CFB980004AC175 /* Build configuration list for PBXNativeTarget "MyLifeRPG" */;
			buildPhases = (
				4A9F30D526CFB97B004AC175 /* Sources */,
				4A9F30D626CFB97B004AC175 /* Frameworks */,
				4A9F30D726CFB97B004AC175 /* Resources */,
				4AEA0ECC26D38A6400E6FD1E /* ShellScript */,
			);
			buildRules = (
			);
			dependencies = (
			);
			name = MyLifeRPG;
			packageProductDependencies = (
				4A93C83426CFF4420025C300 /* FirebaseFunctions */,
				4A93C83626CFF4420025C300 /* FirebaseAnalytics */,
				4A93C83826CFF4420025C300 /* FirebaseRemoteConfig */,
				4A93C83A26CFF4420025C300 /* FirebaseStorage */,
				4A93C83C26CFF4420025C300 /* FirebaseAuth */,
				4A93C83E26CFF4420025C300 /* FirebaseFirestore */,
			);
			productName = MyLifeRPG;
			productReference = 4A9F30D926CFB97C004AC175 /* MyLifeRPG.app */;
			productType = "com.apple.product-type.application";
		};
		4A9F30E926CFB980004AC175 /* MyLifeRPGTests */ = {
			isa = PBXNativeTarget;
			buildConfigurationList = 4A9F310126CFB980004AC175 /* Build configuration list for PBXNativeTarget "MyLifeRPGTests" */;
			buildPhases = (
				4A9F30E626CFB980004AC175 /* Sources */,
				4A9F30E726CFB980004AC175 /* Frameworks */,
				4A9F30E826CFB980004AC175 /* Resources */,
			);
			buildRules = (
			);
			dependencies = (
				4A9F30EC26CFB980004AC175 /* PBXTargetDependency */,
			);
			name = MyLifeRPGTests;
			productName = MyLifeRPGTests;
			productReference = 4A9F30EA26CFB980004AC175 /* MyLifeRPGTests.xctest */;
			productType = "com.apple.product-type.bundle.unit-test";
		};
		4A9F30F426CFB980004AC175 /* MyLifeRPGUITests */ = {
			isa = PBXNativeTarget;
			buildConfigurationList = 4A9F310426CFB980004AC175 /* Build configuration list for PBXNativeTarget "MyLifeRPGUITests" */;
			buildPhases = (
				4A9F30F126CFB980004AC175 /* Sources */,
				4A9F30F226CFB980004AC175 /* Frameworks */,
				4A9F30F326CFB980004AC175 /* Resources */,
			);
			buildRules = (
			);
			dependencies = (
				4A9F30F726CFB980004AC175 /* PBXTargetDependency */,
			);
			name = MyLifeRPGUITests;
			productName = MyLifeRPGUITests;
			productReference = 4A9F30F526CFB980004AC175 /* MyLifeRPGUITests.xctest */;
			productType = "com.apple.product-type.bundle.ui-testing";
		};
/* End PBXNativeTarget section */

/* Begin PBXProject section */
		4A9F30D126CFB97B004AC175 /* Project object */ = {
			isa = PBXProject;
			attributes = {
				LastSwiftUpdateCheck = 1220;
				LastUpgradeCheck = 1220;
				TargetAttributes = {
					4A9F30D826CFB97B004AC175 = {
						CreatedOnToolsVersion = 12.2;
					};
					4A9F30E926CFB980004AC175 = {
						CreatedOnToolsVersion = 12.2;
						TestTargetID = 4A9F30D826CFB97B004AC175;
					};
					4A9F30F426CFB980004AC175 = {
						CreatedOnToolsVersion = 12.2;
						TestTargetID = 4A9F30D826CFB97B004AC175;
					};
				};
			};
			buildConfigurationList = 4A9F30D426CFB97B004AC175 /* Build configuration list for PBXProject "MyLifeRPG" */;
			compatibilityVersion = "Xcode 9.3";
			developmentRegion = en;
			hasScannedForEncodings = 0;
			knownRegions = (
				en,
				Base,
				fr,
			);
			mainGroup = 4A9F30D026CFB97B004AC175;
			packageReferences = (
				4A93C83326CFF4420025C300 /* XCRemoteSwiftPackageReference "firebase-ios-sdk" */,
			);
			productRefGroup = 4A9F30DA26CFB97C004AC175 /* Products */;
			projectDirPath = "";
			projectRoot = "";
			targets = (
				4A9F30D826CFB97B004AC175 /* MyLifeRPG */,
				4A9F30E926CFB980004AC175 /* MyLifeRPGTests */,
				4A9F30F426CFB980004AC175 /* MyLifeRPGUITests */,
			);
		};
/* End PBXProject section */

/* Begin PBXResourcesBuildPhase section */
		4A9F30D726CFB97B004AC175 /* Resources */ = {
			isa = PBXResourcesBuildPhase;
			buildActionMask = 2147483647;
			files = (
				4A9F30E426CFB980004AC175 /* Preview Assets.xcassets in Resources */,
				4AEA0F1926D3C65000E6FD1E /* file in Resources */,
				4AC5898926D2CA3C0091C0BF /* Localizable.strings in Resources */,
				4A9F30E126CFB980004AC175 /* Assets.xcassets in Resources */,
				4A93C82F26CFF3440025C300 /* GoogleService-Info.plist in Resources */,
			);
			runOnlyForDeploymentPostprocessing = 0;
		};
		4A9F30E826CFB980004AC175 /* Resources */ = {
			isa = PBXResourcesBuildPhase;
			buildActionMask = 2147483647;
			files = (
			);
			runOnlyForDeploymentPostprocessing = 0;
		};
		4A9F30F326CFB980004AC175 /* Resources */ = {
			isa = PBXResourcesBuildPhase;
			buildActionMask = 2147483647;
			files = (
			);
			runOnlyForDeploymentPostprocessing = 0;
		};
/* End PBXResourcesBuildPhase section */

/* Begin PBXShellScriptBuildPhase section */
		4AEA0ECC26D38A6400E6FD1E /* ShellScript */ = {
			isa = PBXShellScriptBuildPhase;
			buildActionMask = 2147483647;
			files = (
			);
			inputFileListPaths = (
			);
			inputPaths = (
			);
			outputFileListPaths = (
			);
			outputPaths = (
			);
			runOnlyForDeploymentPostprocessing = 0;
			shellPath = "/usr/bin/env xcrun --sdk macosx swift";
			shellScript = "import Foundation\nprint(\"helloooooooooo\")\n";
		};
/* End PBXShellScriptBuildPhase section */

/* Begin PBXSourcesBuildPhase section */
		4A9F30D526CFB97B004AC175 /* Sources */ = {
			isa = PBXSourcesBuildPhase;
			buildActionMask = 2147483647;
			files = (
				4A9F30DF26CFB97C004AC175 /* ContentView.swift in Sources */,
				4A93C84526D28A210025C300 /* ColorPalette.swift in Sources */,
				4A9F30DD26CFB97C004AC175 /* MyLifeRPGApp.swift in Sources */,
				4A913E38275968980072683F /* UserStorage.swift in Sources */,
				4A9F311426CFBF35004AC175 /* QuestCategory.swift in Sources */,
				4AC5897A26D2BD640091C0BF /* Logger.swift in Sources */,
				4AEA0F0326D3A3D400E6FD1E /* File.swift in Sources */,
				4AEA0ECE26D38AC500E6FD1E /* Build.swift in Sources */,
				4AC589A526D2CB670091C0BF /* I18n.swift in Sources */,
				4A9F313C26CFE9CD004AC175 /* Player.swift in Sources */,
				4A9F310C26CFBDDC004AC175 /* QuestBuilder.swift in Sources */,
			);
			runOnlyForDeploymentPostprocessing = 0;
		};
		4A9F30E626CFB980004AC175 /* Sources */ = {
			isa = PBXSourcesBuildPhase;
			buildActionMask = 2147483647;
			files = (
				4A9F30EF26CFB980004AC175 /* MyLifeRPGTests.swift in Sources */,
			);
			runOnlyForDeploymentPostprocessing = 0;
		};
		4A9F30F126CFB980004AC175 /* Sources */ = {
			isa = PBXSourcesBuildPhase;
			buildActionMask = 2147483647;
			files = (
				4A9F30FA26CFB980004AC175 /* MyLifeRPGUITests.swift in Sources */,
			);
			runOnlyForDeploymentPostprocessing = 0;
		};
/* End PBXSourcesBuildPhase section */

/* Begin PBXTargetDependency section */
		4A9F30EC26CFB980004AC175 /* PBXTargetDependency */ = {
			isa = PBXTargetDependency;
			target = 4A9F30D826CFB97B004AC175 /* MyLifeRPG */;
			targetProxy = 4A9F30EB26CFB980004AC175 /* PBXContainerItemProxy */;
		};
		4A9F30F726CFB980004AC175 /* PBXTargetDependency */ = {
			isa = PBXTargetDependency;
			target = 4A9F30D826CFB97B004AC175 /* MyLifeRPG */;
			targetProxy = 4A9F30F626CFB980004AC175 /* PBXContainerItemProxy */;
		};
/* End PBXTargetDependency section */

/* Begin PBXVariantGroup section */
		4AC5898B26D2CA3C0091C0BF /* Localizable.strings */ = {
			isa = PBXVariantGroup;
			children = (
				4AC5898A26D2CA3C0091C0BF /* en */,
				4AC589A026D2CB2C0091C0BF /* fr */,
			);
			name = Localizable.strings;
			sourceTree = "<group>";
		};
/* End PBXVariantGroup section */

/* Begin XCBuildConfiguration section */
		4A9F30FC26CFB980004AC175 /* Debug */ = {
			isa = XCBuildConfiguration;
			buildSettings = {
				ALWAYS_SEARCH_USER_PATHS = NO;
				CLANG_ANALYZER_LOCALIZABILITY_NONLOCALIZED = YES;
				CLANG_ANALYZER_NONNULL = YES;
				CLANG_ANALYZER_NUMBER_OBJECT_CONVERSION = YES_AGGRESSIVE;
				CLANG_CXX_LANGUAGE_STANDARD = "gnu++14";
				CLANG_CXX_LIBRARY = "libc++";
				CLANG_ENABLE_MODULES = YES;
				CLANG_ENABLE_OBJC_ARC = YES;
				CLANG_ENABLE_OBJC_WEAK = YES;
				CLANG_WARN_BLOCK_CAPTURE_AUTORELEASING = YES;
				CLANG_WARN_BOOL_CONVERSION = YES;
				CLANG_WARN_COMMA = YES;
				CLANG_WARN_CONSTANT_CONVERSION = YES;
				CLANG_WARN_DEPRECATED_OBJC_IMPLEMENTATIONS = YES;
				CLANG_WARN_DIRECT_OBJC_ISA_USAGE = YES_ERROR;
				CLANG_WARN_DOCUMENTATION_COMMENTS = YES;
				CLANG_WARN_EMPTY_BODY = YES;
				CLANG_WARN_ENUM_CONVERSION = YES;
				CLANG_WARN_INFINITE_RECURSION = YES;
				CLANG_WARN_INT_CONVERSION = YES;
				CLANG_WARN_NON_LITERAL_NULL_CONVERSION = YES;
				CLANG_WARN_OBJC_IMPLICIT_RETAIN_SELF = YES;
				CLANG_WARN_OBJC_LITERAL_CONVERSION = YES;
				CLANG_WARN_OBJC_ROOT_CLASS = YES_ERROR;
				CLANG_WARN_QUOTED_INCLUDE_IN_FRAMEWORK_HEADER = YES;
				CLANG_WARN_RANGE_LOOP_ANALYSIS = YES;
				CLANG_WARN_STRICT_PROTOTYPES = YES;
				CLANG_WARN_SUSPICIOUS_MOVE = YES;
				CLANG_WARN_UNGUARDED_AVAILABILITY = YES_AGGRESSIVE;
				CLANG_WARN_UNREACHABLE_CODE = YES;
				CLANG_WARN__DUPLICATE_METHOD_MATCH = YES;
				COPY_PHASE_STRIP = NO;
				DEBUG_INFORMATION_FORMAT = dwarf;
				ENABLE_STRICT_OBJC_MSGSEND = YES;
				ENABLE_TESTABILITY = YES;
				GCC_C_LANGUAGE_STANDARD = gnu11;
				GCC_DYNAMIC_NO_PIC = NO;
				GCC_NO_COMMON_BLOCKS = YES;
				GCC_OPTIMIZATION_LEVEL = 0;
				GCC_PREPROCESSOR_DEFINITIONS = (
					"DEBUG=1",
					"$(inherited)",
				);
				GCC_WARN_64_TO_32_BIT_CONVERSION = YES;
				GCC_WARN_ABOUT_RETURN_TYPE = YES_ERROR;
				GCC_WARN_UNDECLARED_SELECTOR = YES;
				GCC_WARN_UNINITIALIZED_AUTOS = YES_AGGRESSIVE;
				GCC_WARN_UNUSED_FUNCTION = YES;
				GCC_WARN_UNUSED_VARIABLE = YES;
				IPHONEOS_DEPLOYMENT_TARGET = 14.2;
				MTL_ENABLE_DEBUG_INFO = INCLUDE_SOURCE;
				MTL_FAST_MATH = YES;
				ONLY_ACTIVE_ARCH = YES;
				SDKROOT = iphoneos;
				SWIFT_ACTIVE_COMPILATION_CONDITIONS = DEBUG;
				SWIFT_OPTIMIZATION_LEVEL = "-Onone";
			};
			name = Debug;
		};
		4A9F30FD26CFB980004AC175 /* Release */ = {
			isa = XCBuildConfiguration;
			buildSettings = {
				ALWAYS_SEARCH_USER_PATHS = NO;
				CLANG_ANALYZER_LOCALIZABILITY_NONLOCALIZED = YES;
				CLANG_ANALYZER_NONNULL = YES;
				CLANG_ANALYZER_NUMBER_OBJECT_CONVERSION = YES_AGGRESSIVE;
				CLANG_CXX_LANGUAGE_STANDARD = "gnu++14";
				CLANG_CXX_LIBRARY = "libc++";
				CLANG_ENABLE_MODULES = YES;
				CLANG_ENABLE_OBJC_ARC = YES;
				CLANG_ENABLE_OBJC_WEAK = YES;
				CLANG_WARN_BLOCK_CAPTURE_AUTORELEASING = YES;
				CLANG_WARN_BOOL_CONVERSION = YES;
				CLANG_WARN_COMMA = YES;
				CLANG_WARN_CONSTANT_CONVERSION = YES;
				CLANG_WARN_DEPRECATED_OBJC_IMPLEMENTATIONS = YES;
				CLANG_WARN_DIRECT_OBJC_ISA_USAGE = YES_ERROR;
				CLANG_WARN_DOCUMENTATION_COMMENTS = YES;
				CLANG_WARN_EMPTY_BODY = YES;
				CLANG_WARN_ENUM_CONVERSION = YES;
				CLANG_WARN_INFINITE_RECURSION = YES;
				CLANG_WARN_INT_CONVERSION = YES;
				CLANG_WARN_NON_LITERAL_NULL_CONVERSION = YES;
				CLANG_WARN_OBJC_IMPLICIT_RETAIN_SELF = YES;
				CLANG_WARN_OBJC_LITERAL_CONVERSION = YES;
				CLANG_WARN_OBJC_ROOT_CLASS = YES_ERROR;
				CLANG_WARN_QUOTED_INCLUDE_IN_FRAMEWORK_HEADER = YES;
				CLANG_WARN_RANGE_LOOP_ANALYSIS = YES;
				CLANG_WARN_STRICT_PROTOTYPES = YES;
				CLANG_WARN_SUSPICIOUS_MOVE = YES;
				CLANG_WARN_UNGUARDED_AVAILABILITY = YES_AGGRESSIVE;
				CLANG_WARN_UNREACHABLE_CODE = YES;
				CLANG_WARN__DUPLICATE_METHOD_MATCH = YES;
				COPY_PHASE_STRIP = NO;
				DEBUG_INFORMATION_FORMAT = "dwarf-with-dsym";
				ENABLE_NS_ASSERTIONS = NO;
				ENABLE_STRICT_OBJC_MSGSEND = YES;
				GCC_C_LANGUAGE_STANDARD = gnu11;
				GCC_NO_COMMON_BLOCKS = YES;
				GCC_WARN_64_TO_32_BIT_CONVERSION = YES;
				GCC_WARN_ABOUT_RETURN_TYPE = YES_ERROR;
				GCC_WARN_UNDECLARED_SELECTOR = YES;
				GCC_WARN_UNINITIALIZED_AUTOS = YES_AGGRESSIVE;
				GCC_WARN_UNUSED_FUNCTION = YES;
				GCC_WARN_UNUSED_VARIABLE = YES;
				IPHONEOS_DEPLOYMENT_TARGET = 14.2;
				MTL_ENABLE_DEBUG_INFO = NO;
				MTL_FAST_MATH = YES;
				SDKROOT = iphoneos;
				SWIFT_COMPILATION_MODE = wholemodule;
				SWIFT_OPTIMIZATION_LEVEL = "-O";
				VALIDATE_PRODUCT = YES;
			};
			name = Release;
		};
		4A9F30FF26CFB980004AC175 /* Debug */ = {
			isa = XCBuildConfiguration;
			buildSettings = {
				ASSETCATALOG_COMPILER_APPICON_NAME = AppIcon;
				ASSETCATALOG_COMPILER_GLOBAL_ACCENT_COLOR_NAME = AccentColor;
				CODE_SIGN_STYLE = Automatic;
				DEVELOPMENT_ASSET_PATHS = "\"MyLifeRPG/Preview Content\"";
				ENABLE_PREVIEWS = YES;
				INFOPLIST_FILE = MyLifeRPG/Info.plist;
				IPHONEOS_DEPLOYMENT_TARGET = 14.0;
				LD_RUNPATH_SEARCH_PATHS = (
					"$(inherited)",
					"@executable_path/Frameworks",
				);
				PRODUCT_BUNDLE_IDENTIFIER = com.choppyDev.MyLifeRPG;
				PRODUCT_NAME = "$(TARGET_NAME)";
				SWIFT_VERSION = 5.0;
				TARGETED_DEVICE_FAMILY = "1,2";
			};
			name = Debug;
		};
		4A9F310026CFB980004AC175 /* Release */ = {
			isa = XCBuildConfiguration;
			buildSettings = {
				ASSETCATALOG_COMPILER_APPICON_NAME = AppIcon;
				ASSETCATALOG_COMPILER_GLOBAL_ACCENT_COLOR_NAME = AccentColor;
				CODE_SIGN_STYLE = Automatic;
				DEVELOPMENT_ASSET_PATHS = "\"MyLifeRPG/Preview Content\"";
				ENABLE_PREVIEWS = YES;
				INFOPLIST_FILE = MyLifeRPG/Info.plist;
				IPHONEOS_DEPLOYMENT_TARGET = 14.0;
				LD_RUNPATH_SEARCH_PATHS = (
					"$(inherited)",
					"@executable_path/Frameworks",
				);
				PRODUCT_BUNDLE_IDENTIFIER = com.choppyDev.MyLifeRPG;
				PRODUCT_NAME = "$(TARGET_NAME)";
				SWIFT_VERSION = 5.0;
				TARGETED_DEVICE_FAMILY = "1,2";
			};
			name = Release;
		};
		4A9F310226CFB980004AC175 /* Debug */ = {
			isa = XCBuildConfiguration;
			buildSettings = {
				ALWAYS_EMBED_SWIFT_STANDARD_LIBRARIES = YES;
				BUNDLE_LOADER = "$(TEST_HOST)";
				CODE_SIGN_STYLE = Automatic;
				INFOPLIST_FILE = MyLifeRPGTests/Info.plist;
				IPHONEOS_DEPLOYMENT_TARGET = 14.0;
				LD_RUNPATH_SEARCH_PATHS = (
					"$(inherited)",
					"@executable_path/Frameworks",
					"@loader_path/Frameworks",
				);
				PRODUCT_BUNDLE_IDENTIFIER = com.choppyDev.MyLifeRPGTests;
				PRODUCT_NAME = "$(TARGET_NAME)";
				SWIFT_VERSION = 5.0;
				TARGETED_DEVICE_FAMILY = "1,2";
				TEST_HOST = "$(BUILT_PRODUCTS_DIR)/MyLifeRPG.app/MyLifeRPG";
			};
			name = Debug;
		};
		4A9F310326CFB980004AC175 /* Release */ = {
			isa = XCBuildConfiguration;
			buildSettings = {
				ALWAYS_EMBED_SWIFT_STANDARD_LIBRARIES = YES;
				BUNDLE_LOADER = "$(TEST_HOST)";
				CODE_SIGN_STYLE = Automatic;
				INFOPLIST_FILE = MyLifeRPGTests/Info.plist;
				IPHONEOS_DEPLOYMENT_TARGET = 14.0;
				LD_RUNPATH_SEARCH_PATHS = (
					"$(inherited)",
					"@executable_path/Frameworks",
					"@loader_path/Frameworks",
				);
				PRODUCT_BUNDLE_IDENTIFIER = com.choppyDev.MyLifeRPGTests;
				PRODUCT_NAME = "$(TARGET_NAME)";
				SWIFT_VERSION = 5.0;
				TARGETED_DEVICE_FAMILY = "1,2";
				TEST_HOST = "$(BUILT_PRODUCTS_DIR)/MyLifeRPG.app/MyLifeRPG";
			};
			name = Release;
		};
		4A9F310526CFB980004AC175 /* Debug */ = {
			isa = XCBuildConfiguration;
			buildSettings = {
				ALWAYS_EMBED_SWIFT_STANDARD_LIBRARIES = YES;
				CODE_SIGN_STYLE = Automatic;
				INFOPLIST_FILE = MyLifeRPGUITests/Info.plist;
				LD_RUNPATH_SEARCH_PATHS = (
					"$(inherited)",
					"@executable_path/Frameworks",
					"@loader_path/Frameworks",
				);
				PRODUCT_BUNDLE_IDENTIFIER = com.choppyDev.MyLifeRPGUITests;
				PRODUCT_NAME = "$(TARGET_NAME)";
				SWIFT_VERSION = 5.0;
				TARGETED_DEVICE_FAMILY = "1,2";
				TEST_TARGET_NAME = MyLifeRPG;
			};
			name = Debug;
		};
		4A9F310626CFB980004AC175 /* Release */ = {
			isa = XCBuildConfiguration;
			buildSettings = {
				ALWAYS_EMBED_SWIFT_STANDARD_LIBRARIES = YES;
				CODE_SIGN_STYLE = Automatic;
				INFOPLIST_FILE = MyLifeRPGUITests/Info.plist;
				LD_RUNPATH_SEARCH_PATHS = (
					"$(inherited)",
					"@executable_path/Frameworks",
					"@loader_path/Frameworks",
				);
				PRODUCT_BUNDLE_IDENTIFIER = com.choppyDev.MyLifeRPGUITests;
				PRODUCT_NAME = "$(TARGET_NAME)";
				SWIFT_VERSION = 5.0;
				TARGETED_DEVICE_FAMILY = "1,2";
				TEST_TARGET_NAME = MyLifeRPG;
			};
			name = Release;
		};
/* End XCBuildConfiguration section */

/* Begin XCConfigurationList section */
		4A9F30D426CFB97B004AC175 /* Build configuration list for PBXProject "MyLifeRPG" */ = {
			isa = XCConfigurationList;
			buildConfigurations = (
				4A9F30FC26CFB980004AC175 /* Debug */,
				4A9F30FD26CFB980004AC175 /* Release */,
			);
			defaultConfigurationIsVisible = 0;
			defaultConfigurationName = Release;
		};
		4A9F30FE26CFB980004AC175 /* Build configuration list for PBXNativeTarget "MyLifeRPG" */ = {
			isa = XCConfigurationList;
			buildConfigurations = (
				4A9F30FF26CFB980004AC175 /* Debug */,
				4A9F310026CFB980004AC175 /* Release */,
			);
			defaultConfigurationIsVisible = 0;
			defaultConfigurationName = Release;
		};
		4A9F310126CFB980004AC175 /* Build configuration list for PBXNativeTarget "MyLifeRPGTests" */ = {
			isa = XCConfigurationList;
			buildConfigurations = (
				4A9F310226CFB980004AC175 /* Debug */,
				4A9F310326CFB980004AC175 /* Release */,
			);
			defaultConfigurationIsVisible = 0;
			defaultConfigurationName = Release;
		};
		4A9F310426CFB980004AC175 /* Build configuration list for PBXNativeTarget "MyLifeRPGUITests" */ = {
			isa = XCConfigurationList;
			buildConfigurations = (
				4A9F310526CFB980004AC175 /* Debug */,
				4A9F310626CFB980004AC175 /* Release */,
			);
			defaultConfigurationIsVisible = 0;
			defaultConfigurationName = Release;
		};
/* End XCConfigurationList section */

/* Begin XCRemoteSwiftPackageReference section */
		4A93C83326CFF4420025C300 /* XCRemoteSwiftPackageReference "firebase-ios-sdk" */ = {
			isa = XCRemoteSwiftPackageReference;
			repositoryURL = "https://github.com/firebase/firebase-ios-sdk.git";
			requirement = {
				kind = upToNextMajorVersion;
				minimumVersion = 8.6.0;
			};
		};
/* End XCRemoteSwiftPackageReference section */

/* Begin XCSwiftPackageProductDependency section */
		4A93C83426CFF4420025C300 /* FirebaseFunctions */ = {
			isa = XCSwiftPackageProductDependency;
			package = 4A93C83326CFF4420025C300 /* XCRemoteSwiftPackageReference "firebase-ios-sdk" */;
			productName = FirebaseFunctions;
		};
		4A93C83626CFF4420025C300 /* FirebaseAnalytics */ = {
			isa = XCSwiftPackageProductDependency;
			package = 4A93C83326CFF4420025C300 /* XCRemoteSwiftPackageReference "firebase-ios-sdk" */;
			productName = FirebaseAnalytics;
		};
		4A93C83826CFF4420025C300 /* FirebaseRemoteConfig */ = {
			isa = XCSwiftPackageProductDependency;
			package = 4A93C83326CFF4420025C300 /* XCRemoteSwiftPackageReference "firebase-ios-sdk" */;
			productName = FirebaseRemoteConfig;
		};
		4A93C83A26CFF4420025C300 /* FirebaseStorage */ = {
			isa = XCSwiftPackageProductDependency;
			package = 4A93C83326CFF4420025C300 /* XCRemoteSwiftPackageReference "firebase-ios-sdk" */;
			productName = FirebaseStorage;
		};
		4A93C83C26CFF4420025C300 /* FirebaseAuth */ = {
			isa = XCSwiftPackageProductDependency;
			package = 4A93C83326CFF4420025C300 /* XCRemoteSwiftPackageReference "firebase-ios-sdk" */;
			productName = FirebaseAuth;
		};
		4A93C83E26CFF4420025C300 /* FirebaseFirestore */ = {
			isa = XCSwiftPackageProductDependency;
			package = 4A93C83326CFF4420025C300 /* XCRemoteSwiftPackageReference "firebase-ios-sdk" */;
			productName = FirebaseFirestore;
		};
/* End XCSwiftPackageProductDependency section */
	};
	rootObject = 4A9F30D126CFB97B004AC175 /* Project object */;
}
